
Microsoft Visual Studio Solution File, Format Version 12.00
# Visual Studio Version 16
VisualStudioVersion = 16.0.30907.101
MinimumVisualStudioVersion = 10.0.40219.1
Project("{FAE04EC0-301F-11D3-BF4B-00C04F79EFBC}") = "ShowControlWebHost.MVCUI", "ShowControlWebHost.MVCUI\ShowControlWebHost.MVCUI.csproj", "{48FB0139-32D1-4B87-8913-FEDAB29E5E44}"
EndProject
Global
	GlobalSection(SolutionConfigurationPlatforms) = preSolution
		Debug|Any CPU = Debug|Any CPU
		Release|Any CPU = Release|Any CPU
	EndGlobalSection
	GlobalSection(ProjectConfigurationPlatforms) = postSolution
		{48FB0139-32D1-4B87-8913-FEDAB29E5E44}.Debug|Any CPU.ActiveCfg = Debug|Any CPU
		{48FB0139-32D1-4B87-8913-FEDAB29E5E44}.Debug|Any CPU.Build.0 = Debug|Any CPU
		{48FB0139-32D1-4B87-8913-FEDAB29E5E44}.Release|Any CPU.ActiveCfg = Release|Any CPU
		{48FB0139-32D1-4B87-8913-FEDAB29E5E44}.Release|Any CPU.Build.0 = Release|Any CPU
	EndGlobalSection
	GlobalSection(SolutionProperties) = preSolution
		HideSolutionNode = FALSE
	EndGlobalSection
	GlobalSection(ExtensibilityGlobals) = postSolution
		SolutionGuid = {5F801C5A-2BE8-441F-997D-741DBC27D1C5}
	EndGlobalSection
EndGlobal
